// !$*UTF8*$!
{
	archiveVersion = 1;
	classes = {
	};
	objectVersion = 56;
	objects = {

/* Begin PBXBuildFile section */
		D70B257E2B2CE04B00399215 /* DetailViewController.swift in Sources */ = {isa = PBXBuildFile; fileRef = D70B257D2B2CE04B00399215 /* DetailViewController.swift */; };
		D70B25812B2CE17200399215 /* Project38.xcdatamodeld in Sources */ = {isa = PBXBuildFile; fileRef = D70B257F2B2CE17200399215 /* Project38.xcdatamodeld */; };
		D73C1AC62B2B9D9C002892B0 /* AppDelegate.swift in Sources */ = {isa = PBXBuildFile; fileRef = D73C1AC52B2B9D9C002892B0 /* AppDelegate.swift */; };
		D73C1AC82B2B9D9C002892B0 /* SceneDelegate.swift in Sources */ = {isa = PBXBuildFile; fileRef = D73C1AC72B2B9D9C002892B0 /* SceneDelegate.swift */; };
		D73C1ACA2B2B9D9C002892B0 /* ViewController.swift in Sources */ = {isa = PBXBuildFile; fileRef = D73C1AC92B2B9D9C002892B0 /* ViewController.swift */; };
		D73C1ACD2B2B9D9C002892B0 /* Main.storyboard in Resources */ = {isa = PBXBuildFile; fileRef = D73C1ACB2B2B9D9C002892B0 /* Main.storyboard */; };
		D73C1ACF2B2B9D9E002892B0 /* Assets.xcassets in Resources */ = {isa = PBXBuildFile; fileRef = D73C1ACE2B2B9D9E002892B0 /* Assets.xcassets */; };
		D73C1AD22B2B9D9E002892B0 /* LaunchScreen.storyboard in Resources */ = {isa = PBXBuildFile; fileRef = D73C1AD02B2B9D9E002892B0 /* LaunchScreen.storyboard */; };
		D793D8B02B2C07D20083B70D /* SwiftyJSON in Frameworks */ = {isa = PBXBuildFile; productRef = D793D8AF2B2C07D20083B70D /* SwiftyJSON */; };
/* End PBXBuildFile section */

/* Begin PBXFileReference section */
		D70B257D2B2CE04B00399215 /* DetailViewController.swift */ = {isa = PBXFileReference; lastKnownFileType = sourcecode.swift; path = DetailViewController.swift; sourceTree = "<group>"; };
		D70B25802B2CE17200399215 /* Project38.xcdatamodel */ = {isa = PBXFileReference; lastKnownFileType = wrapper.xcdatamodel; path = Project38.xcdatamodel; sourceTree = "<group>"; };
		D73C1AC22B2B9D9C002892B0 /* Project38.app */ = {isa = PBXFileReference; explicitFileType = wrapper.application; includeInIndex = 0; path = Project38.app; sourceTree = BUILT_PRODUCTS_DIR; };
		D73C1AC52B2B9D9C002892B0 /* AppDelegate.swift */ = {isa = PBXFileReference; lastKnownFileType = sourcecode.swift; path = AppDelegate.swift; sourceTree = "<group>"; };
		D73C1AC72B2B9D9C002892B0 /* SceneDelegate.swift */ = {isa = PBXFileReference; lastKnownFileType = sourcecode.swift; path = SceneDelegate.swift; sourceTree = "<group>"; };
		D73C1AC92B2B9D9C002892B0 /* ViewController.swift */ = {isa = PBXFileReference; lastKnownFileType = sourcecode.swift; path = ViewController.swift; sourceTree = "<group>"; };
		D73C1ACC2B2B9D9C002892B0 /* Base */ = {isa = PBXFileReference; lastKnownFileType = file.storyboard; name = Base; path = Base.lproj/Main.storyboard; sourceTree = "<group>"; };
		D73C1ACE2B2B9D9E002892B0 /* Assets.xcassets */ = {isa = PBXFileReference; lastKnownFileType = folder.assetcatalog; path = Assets.xcassets; sourceTree = "<group>"; };
		D73C1AD12B2B9D9E002892B0 /* Base */ = {isa = PBXFileReference; lastKnownFileType = file.storyboard; name = Base; path = Base.lproj/LaunchScreen.storyboard; sourceTree = "<group>"; };
		D73C1AD32B2B9D9E002892B0 /* Info.plist */ = {isa = PBXFileReference; lastKnownFileType = text.plist.xml; path = Info.plist; sourceTree = "<group>"; };
/* End PBXFileReference section */

/* Begin PBXFrameworksBuildPhase section */
		D73C1ABF2B2B9D9C002892B0 /* Frameworks */ = {
			isa = PBXFrameworksBuildPhase;
			buildActionMask = 2147483647;
			files = (
				D793D8B02B2C07D20083B70D /* SwiftyJSON in Frameworks */,
			);
			runOnlyForDeploymentPostprocessing = 0;
		};
/* End PBXFrameworksBuildPhase section */

/* Begin PBXGroup section */
		D70B25822B2CE18500399215 /* CoreData */ = {
			isa = PBXGroup;
			children = (
				D70B257F2B2CE17200399215 /* Project38.xcdatamodeld */,
			);
			path = CoreData;
			sourceTree = "<group>";
		};
		D73C1AB92B2B9D9C002892B0 = {
			isa = PBXGroup;
			children = (
				D73C1AC42B2B9D9C002892B0 /* Project38 */,
				D73C1AC32B2B9D9C002892B0 /* Products */,
			);
			sourceTree = "<group>";
		};
		D73C1AC32B2B9D9C002892B0 /* Products */ = {
			isa = PBXGroup;
			children = (
				D73C1AC22B2B9D9C002892B0 /* Project38.app */,
			);
			name = Products;
			sourceTree = "<group>";
		};
		D73C1AC42B2B9D9C002892B0 /* Project38 */ = {
			isa = PBXGroup;
			children = (
				D73C1AC52B2B9D9C002892B0 /* AppDelegate.swift */,
				D73C1AC72B2B9D9C002892B0 /* SceneDelegate.swift */,
				D73C1AC92B2B9D9C002892B0 /* ViewController.swift */,
				D70B257D2B2CE04B00399215 /* DetailViewController.swift */,
				D73C1ACB2B2B9D9C002892B0 /* Main.storyboard */,
				D73C1ACE2B2B9D9E002892B0 /* Assets.xcassets */,
				D73C1AD02B2B9D9E002892B0 /* LaunchScreen.storyboard */,
				D73C1AD32B2B9D9E002892B0 /* Info.plist */,
				D70B25822B2CE18500399215 /* CoreData */,
			);
			path = Project38;
			sourceTree = "<group>";
		};
/* End PBXGroup section */

/* Begin PBXNativeTarget section */
		D73C1AC12B2B9D9C002892B0 /* Project38 */ = {
			isa = PBXNativeTarget;
			buildConfigurationList = D73C1AD62B2B9D9E002892B0 /* Build configuration list for PBXNativeTarget "Project38" */;
			buildPhases = (
				D73C1ABE2B2B9D9C002892B0 /* Sources */,
				D73C1ABF2B2B9D9C002892B0 /* Frameworks */,
				D73C1AC02B2B9D9C002892B0 /* Resources */,
			);
			buildRules = (
			);
			dependencies = (
			);
			name = Project38;
			packageProductDependencies = (
				D793D8AF2B2C07D20083B70D /* SwiftyJSON */,
			);
			productName = Project38;
			productReference = D73C1AC22B2B9D9C002892B0 /* Project38.app */;
			productType = "com.apple.product-type.application";
		};
/* End PBXNativeTarget section */

/* Begin PBXProject section */
		D73C1ABA2B2B9D9C002892B0 /* Project object */ = {
			isa = PBXProject;
			attributes = {
				BuildIndependentTargetsInParallel = 1;
				LastSwiftUpdateCheck = 1500;
				LastUpgradeCheck = 1500;
				TargetAttributes = {
					D73C1AC12B2B9D9C002892B0 = {
						CreatedOnToolsVersion = 15.0;
					};
				};
			};
			buildConfigurationList = D73C1ABD2B2B9D9C002892B0 /* Build configuration list for PBXProject "Project38" */;
			compatibilityVersion = "Xcode 14.0";
			developmentRegion = en;
			hasScannedForEncodings = 0;
			knownRegions = (
				en,
				Base,
			);
			mainGroup = D73C1AB92B2B9D9C002892B0;
			packageReferences = (
				D793D8AE2B2C07D20083B70D /* XCRemoteSwiftPackageReference "SwiftyJSON" */,
			);
			productRefGroup = D73C1AC32B2B9D9C002892B0 /* Products */;
			projectDirPath = "";
			projectRoot = "";
			targets = (
				D73C1AC12B2B9D9C002892B0 /* Project38 */,
			);
		};
/* End PBXProject section */

/* Begin PBXResourcesBuildPhase section */
		D73C1AC02B2B9D9C002892B0 /* Resources */ = {
			isa = PBXResourcesBuildPhase;
			buildActionMask = 2147483647;
			files = (
				D73C1AD22B2B9D9E002892B0 /* LaunchScreen.storyboard in Resources */,
				D73C1ACF2B2B9D9E002892B0 /* Assets.xcassets in Resources */,
				D73C1ACD2B2B9D9C002892B0 /* Main.storyboard in Resources */,
			);
			runOnlyForDeploymentPostprocessing = 0;
		};
/* End PBXResourcesBuildPhase section */

/* Begin PBXSourcesBuildPhase section */
		D73C1ABE2B2B9D9C002892B0 /* Sources */ = {
			isa = PBXSourcesBuildPhase;
			buildActionMask = 2147483647;
			files = (
				D73C1ACA2B2B9D9C002892B0 /* ViewController.swift in Sources */,
				D70B25812B2CE17200399215 /* Project38.xcdatamodeld in Sources */,
				D73C1AC62B2B9D9C002892B0 /* AppDelegate.swift in Sources */,
				D73C1AC82B2B9D9C002892B0 /* SceneDelegate.swift in Sources */,
				D70B257E2B2CE04B00399215 /* DetailViewController.swift in Sources */,
			);
			runOnlyForDeploymentPostprocessing = 0;
		};
/* End PBXSourcesBuildPhase section */

/* Begin PBXVariantGroup section */
		D73C1ACB2B2B9D9C002892B0 /* Main.storyboard */ = {
			isa = PBXVariantGroup;
			children = (
				D73C1ACC2B2B9D9C002892B0 /* Base */,
			);
			name = Main.storyboard;
			sourceTree = "<group>";
		};
		D73C1AD02B2B9D9E002892B0 /* LaunchScreen.storyboard */ = {
			isa = PBXVariantGroup;
			children = (
				D73C1AD12B2B9D9E002892B0 /* Base */,
			);
			name = LaunchScreen.storyboard;
			sourceTree = "<group>";
		};
/* End PBXVariantGroup section */

/* Begin XCBuildConfiguration section */
		D73C1AD42B2B9D9E002892B0 /* Debug */ = {
			isa = XCBuildConfiguration;
			buildSettings = {
				ALWAYS_SEARCH_USER_PATHS = NO;
				ASSETCATALOG_COMPILER_GENERATE_SWIFT_ASSET_SYMBOL_EXTENSIONS = YES;
				CLANG_ANALYZER_NONNULL = YES;
				CLANG_ANALYZER_NUMBER_OBJECT_CONVERSION = YES_AGGRESSIVE;
				CLANG_CXX_LANGUAGE_STANDARD = "gnu++20";
				CLANG_ENABLE_MODULES = YES;
				CLANG_ENABLE_OBJC_ARC = YES;
				CLANG_ENABLE_OBJC_WEAK = YES;
				CLANG_WARN_BLOCK_CAPTURE_AUTORELEASING = YES;
				CLANG_WARN_BOOL_CONVERSION = YES;
				CLANG_WARN_COMMA = YES;
				CLANG_WARN_CONSTANT_CONVERSION = YES;
				CLANG_WARN_DEPRECATED_OBJC_IMPLEMENTATIONS = YES;
				CLANG_WARN_DIRECT_OBJC_ISA_USAGE = YES_ERROR;
				CLANG_WARN_DOCUMENTATION_COMMENTS = YES;
				CLANG_WARN_EMPTY_BODY = YES;
				CLANG_WARN_ENUM_CONVERSION = YES;
				CLANG_WARN_INFINITE_RECURSION = YES;
				CLANG_WARN_INT_CONVERSION = YES;
				CLANG_WARN_NON_LITERAL_NULL_CONVERSION = YES;
				CLANG_WARN_OBJC_IMPLICIT_RETAIN_SELF = YES;
				CLANG_WARN_OBJC_LITERAL_CONVERSION = YES;
				CLANG_WARN_OBJC_ROOT_CLASS = YES_ERROR;
				CLANG_WARN_QUOTED_INCLUDE_IN_FRAMEWORK_HEADER = YES;
				CLANG_WARN_RANGE_LOOP_ANALYSIS = YES;
				CLANG_WARN_STRICT_PROTOTYPES = YES;
				CLANG_WARN_SUSPICIOUS_MOVE = YES;
				CLANG_WARN_UNGUARDED_AVAILABILITY = YES_AGGRESSIVE;
				CLANG_WARN_UNREACHABLE_CODE = YES;
				CLANG_WARN__DUPLICATE_METHOD_MATCH = YES;
				COPY_PHASE_STRIP = NO;
				DEBUG_INFORMATION_FORMAT = dwarf;
				ENABLE_STRICT_OBJC_MSGSEND = YES;
				ENABLE_TESTABILITY = YES;
				ENABLE_USER_SCRIPT_SANDBOXING = YES;
				GCC_C_LANGUAGE_STANDARD = gnu17;
				GCC_DYNAMIC_NO_PIC = NO;
				GCC_NO_COMMON_BLOCKS = YES;
				GCC_OPTIMIZATION_LEVEL = 0;
				GCC_PREPROCESSOR_DEFINITIONS = (
					"DEBUG=1",
					"$(inherited)",
				);
				GCC_WARN_64_TO_32_BIT_CONVERSION = YES;
				GCC_WARN_ABOUT_RETURN_TYPE = YES_ERROR;
				GCC_WARN_UNDECLARED_SELECTOR = YES;
				GCC_WARN_UNINITIALIZED_AUTOS = YES_AGGRESSIVE;
				GCC_WARN_UNUSED_FUNCTION = YES;
				GCC_WARN_UNUSED_VARIABLE = YES;
				IPHONEOS_DEPLOYMENT_TARGET = 17.0;
				LOCALIZATION_PREFERS_STRING_CATALOGS = YES;
				MTL_ENABLE_DEBUG_INFO = INCLUDE_SOURCE;
				MTL_FAST_MATH = YES;
				ONLY_ACTIVE_ARCH = YES;
				SDKROOT = iphoneos;
				SWIFT_ACTIVE_COMPILATION_CONDITIONS = "DEBUG $(inherited)";
				SWIFT_OPTIMIZATION_LEVEL = "-Onone";
			};
			name = Debug;
		};
		D73C1AD52B2B9D9E002892B0 /* Release */ = {
			isa = XCBuildConfiguration;
			buildSettings = {
				ALWAYS_SEARCH_USER_PATHS = NO;
				ASSETCATALOG_COMPILER_GENERATE_SWIFT_ASSET_SYMBOL_EXTENSIONS = YES;
				CLANG_ANALYZER_NONNULL = YES;
				CLANG_ANALYZER_NUMBER_OBJECT_CONVERSION = YES_AGGRESSIVE;
				CLANG_CXX_LANGUAGE_STANDARD = "gnu++20";
				CLANG_ENABLE_MODULES = YES;
				CLANG_ENABLE_OBJC_ARC = YES;
				CLANG_ENABLE_OBJC_WEAK = YES;
				CLANG_WARN_BLOCK_CAPTURE_AUTORELEASING = YES;
				CLANG_WARN_BOOL_CONVERSION = YES;
				CLANG_WARN_COMMA = YES;
				CLANG_WARN_CONSTANT_CONVERSION = YES;
				CLANG_WARN_DEPRECATED_OBJC_IMPLEMENTATIONS = YES;
				CLANG_WARN_DIRECT_OBJC_ISA_USAGE = YES_ERROR;
				CLANG_WARN_DOCUMENTATION_COMMENTS = YES;
				CLANG_WARN_EMPTY_BODY = YES;
				CLANG_WARN_ENUM_CONVERSION = YES;
				CLANG_WARN_INFINITE_RECURSION = YES;
				CLANG_WARN_INT_CONVERSION = YES;
				CLANG_WARN_NON_LITERAL_NULL_CONVERSION = YES;
				CLANG_WARN_OBJC_IMPLICIT_RETAIN_SELF = YES;
				CLANG_WARN_OBJC_LITERAL_CONVERSION = YES;
				CLANG_WARN_OBJC_ROOT_CLASS = YES_ERROR;
				CLANG_WARN_QUOTED_INCLUDE_IN_FRAMEWORK_HEADER = YES;
				CLANG_WARN_RANGE_LOOP_ANALYSIS = YES;
				CLANG_WARN_STRICT_PROTOTYPES = YES;
				CLANG_WARN_SUSPICIOUS_MOVE = YES;
				CLANG_WARN_UNGUARDED_AVAILABILITY = YES_AGGRESSIVE;
				CLANG_WARN_UNREACHABLE_CODE = YES;
				CLANG_WARN__DUPLICATE_METHOD_MATCH = YES;
				COPY_PHASE_STRIP = NO;
				DEBUG_INFORMATION_FORMAT = "dwarf-with-dsym";
				ENABLE_NS_ASSERTIONS = NO;
				ENABLE_STRICT_OBJC_MSGSEND = YES;
				ENABLE_USER_SCRIPT_SANDBOXING = YES;
				GCC_C_LANGUAGE_STANDARD = gnu17;
				GCC_NO_COMMON_BLOCKS = YES;
				GCC_WARN_64_TO_32_BIT_CONVERSION = YES;
				GCC_WARN_ABOUT_RETURN_TYPE = YES_ERROR;
				GCC_WARN_UNDECLARED_SELECTOR = YES;
				GCC_WARN_UNINITIALIZED_AUTOS = YES_AGGRESSIVE;
				GCC_WARN_UNUSED_FUNCTION = YES;
				GCC_WARN_UNUSED_VARIABLE = YES;
				IPHONEOS_DEPLOYMENT_TARGET = 17.0;
				LOCALIZATION_PREFERS_STRING_CATALOGS = YES;
				MTL_ENABLE_DEBUG_INFO = NO;
				MTL_FAST_MATH = YES;
				SDKROOT = iphoneos;
				SWIFT_COMPILATION_MODE = wholemodule;
				VALIDATE_PRODUCT = YES;
			};
			name = Release;
		};
		D73C1AD72B2B9D9E002892B0 /* Debug */ = {
			isa = XCBuildConfiguration;
			buildSettings = {
				ASSETCATALOG_COMPILER_APPICON_NAME = AppIcon;
				ASSETCATALOG_COMPILER_GLOBAL_ACCENT_COLOR_NAME = AccentColor;
				CODE_SIGN_STYLE = Automatic;
				CURRENT_PROJECT_VERSION = 1;
				DEVELOPMENT_TEAM = P7Z43F3D7V;
				GENERATE_INFOPLIST_FILE = YES;
				INFOPLIST_FILE = Project38/Info.plist;
				INFOPLIST_KEY_UIApplicationSupportsIndirectInputEvents = YES;
				INFOPLIST_KEY_UILaunchStoryboardName = LaunchScreen;
				INFOPLIST_KEY_UIMainStoryboardFile = Main;
				INFOPLIST_KEY_UISupportedInterfaceOrientations_iPad = "UIInterfaceOrientationPortrait UIInterfaceOrientationPortraitUpsideDown UIInterfaceOrientationLandscapeLeft UIInterfaceOrientationLandscapeRight";
				INFOPLIST_KEY_UISupportedInterfaceOrientations_iPhone = "UIInterfaceOrientationPortrait UIInterfaceOrientationLandscapeLeft UIInterfaceOrientationLandscapeRight";
				LD_RUNPATH_SEARCH_PATHS = (
					"$(inherited)",
					"@executable_path/Frameworks",
				);
				MARKETING_VERSION = 1.0;
				PRODUCT_BUNDLE_IDENTIFIER = com.caseirosoftware.Project38;
				PRODUCT_NAME = "$(TARGET_NAME)";
				SWIFT_EMIT_LOC_STRINGS = YES;
				SWIFT_VERSION = 5.0;
				TARGETED_DEVICE_FAMILY = "1,2";
			};
			name = Debug;
		};
		D73C1AD82B2B9D9E002892B0 /* Release */ = {
			isa = XCBuildConfiguration;
			buildSettings = {
				ASSETCATALOG_COMPILER_APPICON_NAME = AppIcon;
				ASSETCATALOG_COMPILER_GLOBAL_ACCENT_COLOR_NAME = AccentColor;
				CODE_SIGN_STYLE = Automatic;
				CURRENT_PROJECT_VERSION = 1;
				DEVELOPMENT_TEAM = P7Z43F3D7V;
				GENERATE_INFOPLIST_FILE = YES;
				INFOPLIST_FILE = Project38/Info.plist;
				INFOPLIST_KEY_UIApplicationSupportsIndirectInputEvents = YES;
				INFOPLIST_KEY_UILaunchStoryboardName = LaunchScreen;
				INFOPLIST_KEY_UIMainStoryboardFile = Main;
				INFOPLIST_KEY_UISupportedInterfaceOrientations_iPad = "UIInterfaceOrientationPortrait UIInterfaceOrientationPortraitUpsideDown UIInterfaceOrientationLandscapeLeft UIInterfaceOrientationLandscapeRight";
				INFOPLIST_KEY_UISupportedInterfaceOrientations_iPhone = "UIInterfaceOrientationPortrait UIInterfaceOrientationLandscapeLeft UIInterfaceOrientationLandscapeRight";
				LD_RUNPATH_SEARCH_PATHS = (
					"$(inherited)",
					"@executable_path/Frameworks",
				);
				MARKETING_VERSION = 1.0;
				PRODUCT_BUNDLE_IDENTIFIER = com.caseirosoftware.Project38;
				PRODUCT_NAME = "$(TARGET_NAME)";
				SWIFT_EMIT_LOC_STRINGS = YES;
				SWIFT_VERSION = 5.0;
				TARGETED_DEVICE_FAMILY = "1,2";
			};
			name = Release;
		};
/* End XCBuildConfiguration section */

/* Begin XCConfigurationList section */
		D73C1ABD2B2B9D9C002892B0 /* Build configuration list for PBXProject "Project38" */ = {
			isa = XCConfigurationList;
			buildConfigurations = (
				D73C1AD42B2B9D9E002892B0 /* Debug */,
				D73C1AD52B2B9D9E002892B0 /* Release */,
			);
			defaultConfigurationIsVisible = 0;
			defaultConfigurationName = Release;
		};
		D73C1AD62B2B9D9E002892B0 /* Build configuration list for PBXNativeTarget "Project38" */ = {
			isa = XCConfigurationList;
			buildConfigurations = (
				D73C1AD72B2B9D9E002892B0 /* Debug */,
				D73C1AD82B2B9D9E002892B0 /* Release */,
			);
			defaultConfigurationIsVisible = 0;
			defaultConfigurationName = Release;
		};
/* End XCConfigurationList section */

/* Begin XCRemoteSwiftPackageReference section */
		D793D8AE2B2C07D20083B70D /* XCRemoteSwiftPackageReference "SwiftyJSON" */ = {
			isa = XCRemoteSwiftPackageReference;
			repositoryURL = "https://github.com/SwiftyJSON/SwiftyJSON";
			requirement = {
				kind = upToNextMajorVersion;
				minimumVersion = 5.0.1;
			};
		};
/* End XCRemoteSwiftPackageReference section */

/* Begin XCSwiftPackageProductDependency section */
		D793D8AF2B2C07D20083B70D /* SwiftyJSON */ = {
			isa = XCSwiftPackageProductDependency;
			package = D793D8AE2B2C07D20083B70D /* XCRemoteSwiftPackageReference "SwiftyJSON" */;
			productName = SwiftyJSON;
		};
/* End XCSwiftPackageProductDependency section */

/* Begin XCVersionGroup section */
		D70B257F2B2CE17200399215 /* Project38.xcdatamodeld */ = {
			isa = XCVersionGroup;
			children = (
				D70B25802B2CE17200399215 /* Project38.xcdatamodel */,
			);
			currentVersion = D70B25802B2CE17200399215 /* Project38.xcdatamodel */;
			path = Project38.xcdatamodeld;
			sourceTree = "<group>";
			versionGroupType = wrapper.xcdatamodel;
		};
/* End XCVersionGroup section */
	};
	rootObject = D73C1ABA2B2B9D9C002892B0 /* Project object */;
}
